
Microsoft Visual Studio Solution File, Format Version 12.00
# Visual Studio Version 17
VisualStudioVersion = 17.7.34018.315
MinimumVisualStudioVersion = 10.0.40219.1
Project("{FAE04EC0-301F-11D3-BF4B-00C04F79EFBC}") = "ORMinMemory", "ORMinMemory.csproj", "{6A2FFA3C-6570-4391-B535-FE162246588D}"
EndProject
Global
	GlobalSection(SolutionConfigurationPlatforms) = preSolution
		Debug|Any CPU = Debug|Any CPU
		Release|Any CPU = Release|Any CPU
	EndGlobalSection
	GlobalSection(ProjectConfigurationPlatforms) = postSolution
		{6A2FFA3C-6570-4391-B535-FE162246588D}.Debug|Any CPU.ActiveCfg = Debug|Any CPU
		{6A2FFA3C-6570-4391-B535-FE162246588D}.Debug|Any CPU.Build.0 = Debug|Any CPU
		{6A2FFA3C-6570-4391-B535-FE162246588D}.Release|Any CPU.ActiveCfg = Release|Any CPU
		{6A2FFA3C-6570-4391-B535-FE162246588D}.Release|Any CPU.Build.0 = Release|Any CPU
	EndGlobalSection
	GlobalSection(SolutionProperties) = preSolution
		HideSolutionNode = FALSE
	EndGlobalSection
	GlobalSection(ExtensibilityGlobals) = postSolution
		SolutionGuid = {82D1C118-45AB-4168-8DDF-6E935C07B967}
	EndGlobalSection
EndGlobal
